
Microsoft Visual Studio Solution File, Format Version 12.00
# Visual Studio Version 17
VisualStudioVersion = 17.4.33213.308
MinimumVisualStudioVersion = 10.0.40219.1
Project("{FAE04EC0-301F-11D3-BF4B-00C04F79EFBC}") = "COMP003A.LectureActivity5", "COMP003A.LectureActivity5\COMP003A.LectureActivity5.csproj", "{0894F237-F1B7-4AAF-9BE4-F00478EC3FE6}"
EndProject
Global
	GlobalSection(SolutionConfigurationPlatforms) = preSolution
		Debug|Any CPU = Debug|Any CPU
		Release|Any CPU = Release|Any CPU
	EndGlobalSection
	GlobalSection(ProjectConfigurationPlatforms) = postSolution
		{0894F237-F1B7-4AAF-9BE4-F00478EC3FE6}.Debug|Any CPU.ActiveCfg = Debug|Any CPU
		{0894F237-F1B7-4AAF-9BE4-F00478EC3FE6}.Debug|Any CPU.Build.0 = Debug|Any CPU
		{0894F237-F1B7-4AAF-9BE4-F00478EC3FE6}.Release|Any CPU.ActiveCfg = Release|Any CPU
		{0894F237-F1B7-4AAF-9BE4-F00478EC3FE6}.Release|Any CPU.Build.0 = Release|Any CPU
	EndGlobalSection
	GlobalSection(SolutionProperties) = preSolution
		HideSolutionNode = FALSE
	EndGlobalSection
	GlobalSection(ExtensibilityGlobals) = postSolution
		SolutionGuid = {AC99DFCB-9A06-4651-9CDB-F86EE3371592}
	EndGlobalSection
EndGlobal
